
Microsoft Visual Studio Solution File, Format Version 12.00
# Visual Studio Version 16
VisualStudioVersion = 16.0.32106.194
MinimumVisualStudioVersion = 10.0.40219.1
Project("{FAE04EC0-301F-11D3-BF4B-00C04F79EFBC}") = "WithClassSQL_01", "WithClassSQL_01\WithClassSQL_01.csproj", "{44F0E858-B802-4697-8A85-BBBB7A2A6CAA}"
EndProject
Global
	GlobalSection(SolutionConfigurationPlatforms) = preSolution
		Debug|Any CPU = Debug|Any CPU
		Release|Any CPU = Release|Any CPU
	EndGlobalSection
	GlobalSection(ProjectConfigurationPlatforms) = postSolution
		{44F0E858-B802-4697-8A85-BBBB7A2A6CAA}.Debug|Any CPU.ActiveCfg = Debug|Any CPU
		{44F0E858-B802-4697-8A85-BBBB7A2A6CAA}.Debug|Any CPU.Build.0 = Debug|Any CPU
		{44F0E858-B802-4697-8A85-BBBB7A2A6CAA}.Release|Any CPU.ActiveCfg = Release|Any CPU
		{44F0E858-B802-4697-8A85-BBBB7A2A6CAA}.Release|Any CPU.Build.0 = Release|Any CPU
	EndGlobalSection
	GlobalSection(SolutionProperties) = preSolution
		HideSolutionNode = FALSE
	EndGlobalSection
	GlobalSection(ExtensibilityGlobals) = postSolution
		SolutionGuid = {7D4E3654-EBA1-454A-9149-32BA8CF3BCF3}
	EndGlobalSection
EndGlobal
