
Microsoft Visual Studio Solution File, Format Version 12.00
# Visual Studio Version 16
VisualStudioVersion = 16.0.32106.194
MinimumVisualStudioVersion = 10.0.40219.1
Project("{FAE04EC0-301F-11D3-BF4B-00C04F79EFBC}") = "Form_01_temel_kontroller", "Form_01_temel_kontroller\Form_01_temel_kontroller.csproj", "{81509B59-4517-4EF3-936B-FB3E95F03A5B}"
EndProject
Global
	GlobalSection(SolutionConfigurationPlatforms) = preSolution
		Debug|Any CPU = Debug|Any CPU
		Release|Any CPU = Release|Any CPU
	EndGlobalSection
	GlobalSection(ProjectConfigurationPlatforms) = postSolution
		{81509B59-4517-4EF3-936B-FB3E95F03A5B}.Debug|Any CPU.ActiveCfg = Debug|Any CPU
		{81509B59-4517-4EF3-936B-FB3E95F03A5B}.Debug|Any CPU.Build.0 = Debug|Any CPU
		{81509B59-4517-4EF3-936B-FB3E95F03A5B}.Release|Any CPU.ActiveCfg = Release|Any CPU
		{81509B59-4517-4EF3-936B-FB3E95F03A5B}.Release|Any CPU.Build.0 = Release|Any CPU
	EndGlobalSection
	GlobalSection(SolutionProperties) = preSolution
		HideSolutionNode = FALSE
	EndGlobalSection
	GlobalSection(ExtensibilityGlobals) = postSolution
		SolutionGuid = {4E6BA838-C1BA-4455-994A-46ACC70B9027}
	EndGlobalSection
EndGlobal
